<Project xmlns="http://schemas.microsoft.com/developer/msbuild/2003">
    <PropertyGroup>
        <ProjectGuid>{847F11B8-1E84-43FC-B6E5-67DEBA0E48E3}</ProjectGuid>
        <ProjectVersion>18.4</ProjectVersion>
        <FrameworkType>VCL</FrameworkType>
        <MainSource>Archivar.dpr</MainSource>
        <Base>True</Base>
        <Config Condition="'$(Config)'==''">Debug</Config>
        <Platform Condition="'$(Platform)'==''">Win32</Platform>
        <TargetedPlatforms>1</TargetedPlatforms>
        <AppType>Application</AppType>
    </PropertyGroup>
    <PropertyGroup Condition="'$(Config)'=='Base' or '$(Base)'!=''">
        <Base>true</Base>
    </PropertyGroup>
    <PropertyGroup Condition="('$(Platform)'=='Win32' and '$(Base)'=='true') or '$(Base_Win32)'!=''">
        <Base_Win32>true</Base_Win32>
        <CfgParent>Base</CfgParent>
        <Base>true</Base>
    </PropertyGroup>
    <PropertyGroup Condition="('$(Platform)'=='Win64' and '$(Base)'=='true') or '$(Base_Win64)'!=''">
        <Base_Win64>true</Base_Win64>
        <CfgParent>Base</CfgParent>
        <Base>true</Base>
    </PropertyGroup>
    <PropertyGroup Condition="'$(Config)'=='Debug' or '$(Cfg_1)'!=''">
        <Cfg_1>true</Cfg_1>
        <CfgParent>Base</CfgParent>
        <Base>true</Base>
    </PropertyGroup>
    <PropertyGroup Condition="('$(Platform)'=='Win32' and '$(Cfg_1)'=='true') or '$(Cfg_1_Win32)'!=''">
        <Cfg_1_Win32>true</Cfg_1_Win32>
        <CfgParent>Cfg_1</CfgParent>
        <Cfg_1>true</Cfg_1>
        <Base>true</Base>
    </PropertyGroup>
    <PropertyGroup Condition="'$(Config)'=='Release' or '$(Cfg_2)'!=''">
        <Cfg_2>true</Cfg_2>
        <CfgParent>Base</CfgParent>
        <Base>true</Base>
    </PropertyGroup>
    <PropertyGroup Condition="('$(Platform)'=='Win32' and '$(Cfg_2)'=='true') or '$(Cfg_2_Win32)'!=''">
        <Cfg_2_Win32>true</Cfg_2_Win32>
        <CfgParent>Cfg_2</CfgParent>
        <Cfg_2>true</Cfg_2>
        <Base>true</Base>
    </PropertyGroup>
    <PropertyGroup Condition="'$(Base)'!=''">
        <DCC_DcuOutput>.\$(Platform)\$(Config)</DCC_DcuOutput>
        <DCC_ExeOutput>.\$(Platform)\$(Config)</DCC_ExeOutput>
        <DCC_E>false</DCC_E>
        <DCC_N>false</DCC_N>
        <DCC_S>false</DCC_S>
        <DCC_F>false</DCC_F>
        <DCC_K>false</DCC_K>
        <DCC_UsePackage>RESTComponents;emsclientfiredac;DataSnapFireDAC;FireDACIBDriver;emsclient;FireDACCommon;RESTBackendComponents;soapserver;CloudService;FireDACCommonDriver;inet;FireDAC;FireDACSqliteDriver;soaprtl;soapmidas;$(DCC_UsePackage)</DCC_UsePackage>
        <DCC_Namespace>System;Xml;Data;Datasnap;Web;Soap;Vcl;Vcl.Imaging;Vcl.Touch;Vcl.Samples;Vcl.Shell;$(DCC_Namespace)</DCC_Namespace>
        <Icon_MainIcon>$(BDS)\bin\delphi_PROJECTICON.ico</Icon_MainIcon>
        <UWP_DelphiLogo44>$(BDS)\bin\Artwork\Windows\UWP\delphi_UwpDefault_44.png</UWP_DelphiLogo44>
        <UWP_DelphiLogo150>$(BDS)\bin\Artwork\Windows\UWP\delphi_UwpDefault_150.png</UWP_DelphiLogo150>
        <SanitizedProjectName>Archivar</SanitizedProjectName>
        <Custom_Styles>&quot;Sapphire Kamri|VCLSTYLE|$(BDSCOMMONDIR)\Styles\SapphireKamri.vsf&quot;</Custom_Styles>
    </PropertyGroup>
    <PropertyGroup Condition="'$(Base_Win32)'!=''">
        <DCC_UsePackage>DBXSqliteDriver;fmxase;DBXDb2Driver;DBXInterBaseDriver;clinetsuite_102;OverbyteIcsD102Run;vclactnband;vclFireDAC;tethering;svnui;JvGlobus;FireDACADSDriver;JvPluginSystem;DBXMSSQLDriver;JvMM;DatasnapConnectorsFreePascal;FireDACMSSQLDriver;vcltouch;JvBands;vcldb;bindcompfmx;svn;Intraweb;DBXOracleDriver;JvJans;JvNet;inetdb;JvAppFrm;VirtualTreesDR;RaizeComponentsVcl;FmxTeeUI;emsedge;JvDotNetCtrls;fmx;fmxdae;RaizeComponentsVclDb;vclib;dwsLibRuntime;JvWizards;FireDACDBXDriver;dbexpress;IndyCore;vclx;JvPageComps;dsnap;DataSnapCommon;JvDB;DataSnapConnectors;VCLRESTComponents;JclDeveloperTools;vclie;bindengine;DBXMySQLDriver;FireDACOracleDriver;FireDACMySQLDriver;DBXFirebirdDriver;JvCmp;JvHMI;FireDACCommonODBC;DataSnapClient;IndyIPCommon;bindcompdbx;JvCustom;vcl;IndyIPServer;DBXSybaseASEDriver;JvXPCtrls;IndySystem;FireDACDb2Driver;dsnapcon;FireDACMSAccDriver;fmxFireDAC;FireDACInfxDriver;vclimg;TeeDB;Jcl;JvCore;emshosting;JvCrypt;FireDACPgDriver;ibmonitor;FireDACASADriver;DBXOdbcDriver;FireDACTDataDriver;FMXTee;DbxCommonDriver;JvDlgs;JvRuntimeDesign;ibxpress;Tee;JvManagedThreads;DataSnapServer;xmlrtl;DataSnapNativeClient;fmxobj;vclwinx;FireDACDSDriver;rtl;ibxbindings;DbxClientDriver;JvTimeFramework;DBXSybaseASADriver;CustomIPTransport;vcldsnap;JvSystem;JvStdCtrls;SynEditDR;bindcomp;appanalytics;DBXInformixDriver;IndyIPClient;bindcompvcl;TeeUI;JvDocking;dbxcds;VclSmp;JvPascalInterpreter;adortl;FireDACODBCDriver;JclVcl;DataSnapIndy10ServerTransport;dsnapxml;DataSnapProviderClient;dbrtl;IndyProtocols;inetdbxpress;FireDACMongoDBDriver;JvControls;JvPrintPreview;PowerPDFDR;JclContainers;DataSnapServerMidas;$(DCC_UsePackage)</DCC_UsePackage>
        <DCC_Namespace>Winapi;System.Win;Data.Win;Datasnap.Win;Web.Win;Soap.Win;Xml.Win;Bde;$(DCC_Namespace)</DCC_Namespace>
        <BT_BuildType>Debug</BT_BuildType>
        <VerInfo_IncludeVerInfo>true</VerInfo_IncludeVerInfo>
        <VerInfo_Keys>CompanyName=;FileDescription=$(MSBuildProjectName);FileVersion=1.0.0.0;InternalName=;LegalCopyright=;LegalTrademarks=;OriginalFilename=;ProgramID=com.embarcadero.$(MSBuildProjectName);ProductName=$(MSBuildProjectName);ProductVersion=1.0.0.0;Comments=</VerInfo_Keys>
        <VerInfo_Locale>1033</VerInfo_Locale>
        <Manifest_File>$(BDS)\bin\default_app.manifest</Manifest_File>
    </PropertyGroup>
    <PropertyGroup Condition="'$(Base_Win64)'!=''">
        <DCC_UsePackage>DBXSqliteDriver;fmxase;DBXDb2Driver;DBXInterBaseDriver;clinetsuite_102;OverbyteIcsD102Run;vclactnband;vclFireDAC;tethering;FireDACADSDriver;DBXMSSQLDriver;DatasnapConnectorsFreePascal;FireDACMSSQLDriver;vcltouch;vcldb;bindcompfmx;Intraweb;DBXOracleDriver;inetdb;VirtualTreesDR;RaizeComponentsVcl;FmxTeeUI;emsedge;fmx;fmxdae;RaizeComponentsVclDb;vclib;FireDACDBXDriver;dbexpress;IndyCore;vclx;dsnap;DataSnapCommon;DataSnapConnectors;VCLRESTComponents;vclie;bindengine;DBXMySQLDriver;FireDACOracleDriver;FireDACMySQLDriver;DBXFirebirdDriver;FireDACCommonODBC;DataSnapClient;IndyIPCommon;bindcompdbx;vcl;IndyIPServer;DBXSybaseASEDriver;IndySystem;FireDACDb2Driver;dsnapcon;FireDACMSAccDriver;fmxFireDAC;FireDACInfxDriver;vclimg;TeeDB;emshosting;FireDACPgDriver;ibmonitor;FireDACASADriver;DBXOdbcDriver;FireDACTDataDriver;FMXTee;DbxCommonDriver;ibxpress;Tee;DataSnapServer;xmlrtl;DataSnapNativeClient;fmxobj;vclwinx;FireDACDSDriver;rtl;ibxbindings;DbxClientDriver;DBXSybaseASADriver;AsyncProDR;CustomIPTransport;vcldsnap;SynEditDR;bindcomp;appanalytics;DBXInformixDriver;IndyIPClient;bindcompvcl;TeeUI;dbxcds;VclSmp;adortl;FireDACODBCDriver;DataSnapIndy10ServerTransport;dsnapxml;DataSnapProviderClient;dbrtl;IndyProtocols;inetdbxpress;FireDACMongoDBDriver;PowerPDFDR;DataSnapServerMidas;$(DCC_UsePackage)</DCC_UsePackage>
    </PropertyGroup>
    <PropertyGroup Condition="'$(Cfg_1)'!=''">
        <DCC_Define>DEBUG;$(DCC_Define)</DCC_Define>
        <DCC_DebugDCUs>true</DCC_DebugDCUs>
        <DCC_Optimize>false</DCC_Optimize>
        <DCC_GenerateStackFrames>true</DCC_GenerateStackFrames>
        <DCC_DebugInfoInExe>true</DCC_DebugInfoInExe>
        <DCC_RemoteDebug>true</DCC_RemoteDebug>
    </PropertyGroup>
    <PropertyGroup Condition="'$(Cfg_1_Win32)'!=''">
        <AppEnableRuntimeThemes>true</AppEnableRuntimeThemes>
        <AppEnableHighDPI>true</AppEnableHighDPI>
        <DCC_BplOutput>.\$(Platform)\$(Config)</DCC_BplOutput>
        <VerInfo_IncludeVerInfo>true</VerInfo_IncludeVerInfo>
        <VerInfo_Locale>1033</VerInfo_Locale>
        <Icon_MainIcon>icons8_Library.ico</Icon_MainIcon>
        <DCC_SYMBOL_PLATFORM>false</DCC_SYMBOL_PLATFORM>
        <DCC_UNIT_PLATFORM>false</DCC_UNIT_PLATFORM>
        <DCC_DUPLICATE_CTOR_DTOR>false</DCC_DUPLICATE_CTOR_DTOR>
        <VerInfo_AutoIncVersion>true</VerInfo_AutoIncVersion>
        <VerInfo_Build>64</VerInfo_Build>
        <VerInfo_Keys>CompanyName=;FileDescription=$(MSBuildProjectName);FileVersion=1.0.0.64;InternalName=;LegalCopyright=;LegalTrademarks=;OriginalFilename=;ProgramID=com.embarcadero.$(MSBuildProjectName);ProductName=$(MSBuildProjectName);ProductVersion=1.0.0.0;Comments=</VerInfo_Keys>
        <DCC_DebugInfoInTds>true</DCC_DebugInfoInTds>
        <Debugger_RunParams>/host:localhost</Debugger_RunParams>
        <DCC_UnitSearchPath>C:\Users\Public\Documents\Embarcadero\Studio\DragnDrop\Source;$(DCC_UnitSearchPath)</DCC_UnitSearchPath>
        <DCC_ExeOutput>D:\git\ber.git\Bin\client\</DCC_ExeOutput>
        <UsePackages>true</UsePackages>
    </PropertyGroup>
    <PropertyGroup Condition="'$(Cfg_2)'!=''">
        <DCC_LocalDebugSymbols>false</DCC_LocalDebugSymbols>
        <DCC_Define>RELEASE;$(DCC_Define)</DCC_Define>
        <DCC_SymbolReferenceInfo>0</DCC_SymbolReferenceInfo>
        <DCC_DebugInformation>0</DCC_DebugInformation>
    </PropertyGroup>
    <PropertyGroup Condition="'$(Cfg_2_Win32)'!=''">
        <AppEnableRuntimeThemes>true</AppEnableRuntimeThemes>
        <AppEnableHighDPI>true</AppEnableHighDPI>
        <DCC_ExeOutput>D:\git\ber.git\Bin\Server\client\latest</DCC_ExeOutput>
        <VerInfo_IncludeVerInfo>true</VerInfo_IncludeVerInfo>
        <VerInfo_Locale>1033</VerInfo_Locale>
        <VerInfo_AutoIncVersion>true</VerInfo_AutoIncVersion>
        <VerInfo_Build>27</VerInfo_Build>
        <VerInfo_Keys>CompanyName=;FileDescription=$(MSBuildProjectName);FileVersion=1.0.0.27;InternalName=;LegalCopyright=;LegalTrademarks=;OriginalFilename=;ProgramID=com.embarcadero.$(MSBuildProjectName);ProductName=$(MSBuildProjectName);ProductVersion=1.0.0.0;Comments=</VerInfo_Keys>
        <Icon_MainIcon>icons8_Library.ico</Icon_MainIcon>
        <DCC_SYMBOL_PLATFORM>false</DCC_SYMBOL_PLATFORM>
        <DCC_UNIT_PLATFORM>false</DCC_UNIT_PLATFORM>
        <DCC_UnitSearchPath>C:\Users\Public\Documents\Embarcadero\Studio\DragnDrop\Source;$(DCC_UnitSearchPath)</DCC_UnitSearchPath>
        <DCC_BplOutput>.\$(Platform)\$(Config)</DCC_BplOutput>
        <DCC_AssertionsAtRuntime>false</DCC_AssertionsAtRuntime>
        <UsePackages>true</UsePackages>
    </PropertyGroup>
    <ItemGroup>
        <DelphiCompile Include="$(MainSource)">
            <MainSource>MainSource</MainSource>
        </DelphiCompile>
        <DCCReference Include="Events\u_eventHandler.pas"/>
        <DCCReference Include="misc\u_ini.pas"/>
        <DCCReference Include="m_glob_client.pas">
            <Form>GM</Form>
            <DesignClass>TDataModule</DesignClass>
        </DCCReference>
        <DCCReference Include="f_main.pas">
            <Form>MainForm</Form>
        </DCCReference>
        <DCCReference Include="u_stub.pas"/>
        <DCCReference Include="Gremium\f_gremiumForm.pas">
            <Form>GremiumForm</Form>
        </DCCReference>
        <DCCReference Include="u_misc.pas"/>
        <DCCReference Include="Gremium\f_gremium_edit.pas">
            <Form>GremiumEditForm</Form>
        </DCCReference>
        <DCCReference Include="Personen\f_personen.pas">
            <Form>PersonenForm</Form>
        </DCCReference>
        <DCCReference Include="Personen\f_person_edit.pas">
            <Form>PersonEditForm</Form>
        </DCCReference>
        <DCCReference Include="Gremium\f_gremium_MA_form.pas">
            <Form>GremiumMAForm</Form>
        </DCCReference>
        <DCCReference Include="Task\f_task_new.pas">
            <Form>Taskform</Form>
        </DCCReference>
        <DCCReference Include="File\fr_file.pas">
            <Form>FileFrame</Form>
            <DesignClass>TFrame</DesignClass>
        </DCCReference>
        <DCCReference Include="Task\fr_task_head.pas">
            <Form>TaskHeaderFrame</Form>
            <DesignClass>TFrame</DesignClass>
        </DCCReference>
        <DCCReference Include="Task\f_taskEdit.pas">
            <Form>TaskEditForm</Form>
        </DCCReference>
        <DCCReference Include="misc\fr_gremiumTree.pas">
            <Form>GremiumTreeFrame</Form>
            <DesignClass>TFrame</DesignClass>
        </DCCReference>
        <DCCReference Include="Gremium\u_gremium.pas"/>
        <DCCReference Include="Task\fr_taskList.pas">
            <Form>TaskListFrame</Form>
            <DesignClass>TFrame</DesignClass>
        </DCCReference>
        <DCCReference Include="misc\m_WindowHandler.pas">
            <Form>WindowHandler</Form>
            <DesignClass>TDataModule</DesignClass>
        </DCCReference>
        <DCCReference Include="..\misc\u_json.pas"/>
        <DCCReference Include="..\misc\xsd_data.pas"/>
        <DCCReference Include="misc\u_addInfo.pas"/>
        <DCCReference Include="File\f_uploadForm.pas">
            <Form>UploadForm</Form>
        </DCCReference>
        <DCCReference Include="Gremium\f_gremiumList.pas">
            <Form>GremiumListForm</Form>
        </DCCReference>
        <DCCReference Include="..\misc\u_Konst.pas"/>
        <DCCReference Include="..\misc\u_lockInfo.pas"/>
        <DCCReference Include="Beschlus\f_bechlus.pas">
            <Form>Beschlusform</Form>
        </DCCReference>
        <DCCReference Include="Protokoll\f_protokoll.pas">
            <Form>ProtokollForm</Form>
        </DCCReference>
        <DCCReference Include="Protokoll\f_protokoll_list.pas">
            <Form>ProtocollListForm</Form>
        </DCCReference>
        <DCCReference Include="bookmarks\u_bookmarkList.pas"/>
        <DCCReference Include="bookmarks\u_bookmark.pas"/>
        <DCCReference Include="bookmarks\m_BookMarkHandler.pas">
            <Form>BookMarkHandler</Form>
            <DesignClass>TDataModule</DesignClass>
        </DCCReference>
        <DCCReference Include="images\f_images.pas">
            <Form>ImagesForm</Form>
        </DCCReference>
        <DCCReference Include="bookmarks\fr_bookmark.pas">
            <Form>BookmarkFrame</Form>
            <DesignClass>TFrame</DesignClass>
        </DCCReference>
        <DCCReference Include="..\misc\u_berTypes.pas"/>
        <DCCReference Include="Task\f_taksListForm.pas">
            <Form>TaskListForm</Form>
        </DCCReference>
        <DCCReference Include="..\misc\xsd_protocol.pas"/>
        <DCCReference Include="Protokoll\f_titel_edit.pas">
            <Form>TitelEditform</Form>
        </DCCReference>
        <DCCReference Include="Protokoll\fr_chapter.pas">
            <Form>ChapterFrame</Form>
            <DesignClass>TFrame</DesignClass>
        </DCCReference>
        <DCCReference Include="..\misc\xsd_chapter.pas"/>
        <DCCReference Include="Protokoll\f_chapterEdit.pas">
            <Form>ChapterEditForm</Form>
        </DCCReference>
        <DCCReference Include="Task\fr_taskList2.pas">
            <Form>TaskList2Frame</Form>
            <DesignClass>TFrame</DesignClass>
        </DCCReference>
        <DCCReference Include="Task\u_taskEntry.pas"/>
        <DCCReference Include="Protokoll\f_chapter_content.pas">
            <Form>ChapterContentForm</Form>
        </DCCReference>
        <DCCReference Include="Datafields\f_datafields.pas">
            <Form>DataFieldForm</Form>
        </DCCReference>
        <DCCReference Include="Datafields\f_datafield_edit.pas">
            <Form>DatafieldEditform</Form>
        </DCCReference>
        <DCCReference Include="Datafields\i_datafields.pas"/>
        <DCCReference Include="Datafields\u_PropertyImpl.pas"/>
        <DCCReference Include="Datafields\u_DataFieldImpl.pas"/>
        <DCCReference Include="Datafields\u_DataFieldLislImpl.pas"/>
        <DCCReference Include="TaskEditor\Forms\f_taskEditor.pas">
            <Form>TaksEditorForm</Form>
        </DCCReference>
        <DCCReference Include="TaskEditor\i_taskEdit.pas"/>
        <DCCReference Include="TaskEditor\u_TaskImpl.pas"/>
        <DCCReference Include="TaskEditor\Forms\f_tableField_editor.pas">
            <Form>TableFieldEditorForm</Form>
        </DCCReference>
        <DCCReference Include="Datafields\u_DataField2XML.pas"/>
        <DCCReference Include="TaskEditor\Writer\u_TaskDataField2XML.pas"/>
        <DCCReference Include="TaskEditor\Writer\u_Task2XML.pas"/>
        <DCCReference Include="TaskEditor\Forms\fr_Formeditor.pas">
            <Form>EditorFrame</Form>
            <DesignClass>TFrame</DesignClass>
        </DCCReference>
        <DCCReference Include="TaskEditor\u_TaskFormImpl.pas"/>
        <DCCReference Include="TaskEditor\u_TaskCtrlImpl.pas"/>
        <DCCReference Include="TaskEditor\u_TaskCtrlPropImpl.pas"/>
        <DCCReference Include="TaskEditor\Forms\fr_propertyEditor.pas">
            <Form>PropertyFrame</Form>
            <DesignClass>TFrame</DesignClass>
        </DCCReference>
        <DCCReference Include="TaskEditor\controls\u_TaskControlFactory.pas"/>
        <DCCReference Include="TaskEditor\controls\u_TaskCtrlLabel.pas"/>
        <DCCReference Include="TaskEditor\controls\u_TaskCtrlEdit.pas"/>
        <DCCReference Include="TaskEditor\controls\u_TaskCtrlGroupBox.pas"/>
        <DCCReference Include="TaskEditor\controls\u_TaskCtrlLabeledEdit.pas"/>
        <DCCReference Include="TaskEditor\controls\u_TaskCtrlTable.pas"/>
        <DCCReference Include="TaskEditor\controls\u_TaskCtrlComboBox.pas"/>
        <DCCReference Include="misc\u_typeHelper.pas"/>
        <DCCReference Include="TaskEditor\PropEdits\f_itemsEditor.pas">
            <Form>ItemsEditorForm</Form>
        </DCCReference>
        <DCCReference Include="TaskEditor\Forms\f_tableColumns.pas">
            <Form>TableColumnsForm</Form>
        </DCCReference>
        <DCCReference Include="TaskEditor\Forms\f_table_Column.pas">
            <Form>TableCloumnForm</Form>
        </DCCReference>
        <DCCReference Include="TaskEditor\controls\u_TaskCtrlTableField.pas"/>
        <DCCReference Include="TaskEditor\Writer\u_taskForm2XML.pas"/>
        <DCCReference Include="TaskEditor\Forms\f_testform.pas">
            <Form>TestForm</Form>
        </DCCReference>
        <DCCReference Include="..\misc\u_helper.pas"/>
        <DCCReference Include="TaskEditor\Forms\fr_report.pas">
            <Form>ReportFrame</Form>
            <DesignClass>TFrame</DesignClass>
        </DCCReference>
        <DCCReference Include="TaskEditor\Forms\f_form_props.pas">
            <Form>FormProperties</Form>
        </DCCReference>
        <DCCReference Include="TaskEditor\controls\u_TaskCtrlPanel.pas"/>
        <DCCReference Include="TaskEditor\controls\u_TaskCtrlMemo.pas"/>
        <DCCReference Include="TaskEditor\controls\u_TaskCtrlRichEdit.pas"/>
        <DCCReference Include="TaskEditor\controls\u_TaskCtrlSpliter.pas"/>
        <DCCReference Include="TaskEditor\PropEdits\f_itemsTStringsEditor.pas">
            <Form>StringEditorForm</Form>
        </DCCReference>
        <DCCReference Include="http\m_http.pas">
            <Form>HttpMod</Form>
            <DesignClass>TDataModule</DesignClass>
        </DCCReference>
        <DCCReference Include="http\m_html.pas">
            <Form>HtmlMod</Form>
            <DesignClass>TDataModule</DesignClass>
        </DCCReference>
        <DCCReference Include="TaskEditor\u_TTaskFileImpl.pas"/>
        <DCCReference Include="TaskEditor\u_TTaskContainerImpl.pas"/>
        <DCCReference Include="TaskEditor\u_TTaskStylesImpl.pas"/>
        <DCCReference Include="TaskEditor\u_tTaskStyleImpl.pas"/>
        <DCCReference Include="TaskEditor\u_TTaskFilesImpl.pas"/>
        <DCCReference Include="misc\f_InputBox.pas">
            <Form>InputBoxForm</Form>
        </DCCReference>
        <DCCReference Include="misc\f_selectList.pas">
            <Form>SelectListform</Form>
        </DCCReference>
        <DCCReference Include="dws\m_dws.pas">
            <Form>DwsMod</Form>
            <DesignClass>TDataModule</DesignClass>
        </DCCReference>
        <DCCReference Include="misc\u_zipHelper.pas"/>
        <DCCReference Include="Templates\f_template_new.pas">
            <Form>TemplateNewForm</Form>
        </DCCReference>
        <DCCReference Include="Templates\f_select_templateForm.pas">
            <Form>SelectTemplateForm</Form>
        </DCCReference>
        <DCCReference Include="TaskEditor\f_task_datafields.pas">
            <Form>TaskDatafieldsForm</Form>
        </DCCReference>
        <DCCReference Include="Datafields\Editor\f_df_EnumList.pas">
            <Form>DFEnumListForm</Form>
        </DCCReference>
        <DCCReference Include="Datafields\Editor\f_df_listbox.pas">
            <Form>ListBoxForm</Form>
        </DCCReference>
        <DCCReference Include="Personen\i_personen.pas"/>
        <DCCReference Include="Personen\u_PersonImpl.pas"/>
        <DCCReference Include="Personen\u_PersonenListeImpl.pas"/>
        <DCCReference Include="Beschlus\i_beschluss.pas"/>
        <DCCReference Include="Beschlus\u_AbstimmungImpl.pas"/>
        <DCCReference Include="Beschlus\u_BeschlussImpl.pas"/>
        <DCCReference Include="..\misc\xsd_DataField.pas"/>
        <DCCReference Include="misc\f_set.pas">
            <Form>MySettingsForm</Form>
        </DCCReference>
        <DCCReference Include="TextBlock\f_textblock_edit.pas">
            <Form>TextBlockEditForm</Form>
        </DCCReference>
        <DCCReference Include="TaskEditor\fr_form.pas">
            <Form>FormFrame</Form>
            <DesignClass>TFrame</DesignClass>
        </DCCReference>
        <DCCReference Include="Protokoll\f_chapterTask.pas">
            <Form>ChapterTaskForm</Form>
        </DCCReference>
        <DCCReference Include="..\misc\xsd_Styles.pas"/>
        <DCCReference Include="TaskEditor\Forms\fr_ReportEditor.pas">
            <Form>ReportFrameEditor</Form>
            <DesignClass>TFrame</DesignClass>
        </DCCReference>
        <DCCReference Include="TaskEditor\Forms\fr_ReportEditor_html.pas">
            <Form>ReportFrameEditorHtml</Form>
            <DesignClass>TFrame</DesignClass>
        </DCCReference>
        <DCCReference Include="TaskEditor\Forms\fr_ReportEditor_pas.pas">
            <Form>ReportFrameEditorPas</Form>
            <DesignClass>TFrame</DesignClass>
        </DCCReference>
        <DCCReference Include="TaskEditor\Forms\fr_ReportEditor_img.pas">
            <Form>ReportFrameEditorImg</Form>
            <DesignClass>TFrame</DesignClass>
        </DCCReference>
        <DCCReference Include="Protokoll\i_chapter.pas"/>
        <DCCReference Include="Protokoll\u_ChapterImpl.pas"/>
        <DCCReference Include="Protokoll\u_ChapterListImpl.pas"/>
        <DCCReference Include="Protokoll\u_ChapterTitleListImpl.pas"/>
        <DCCReference Include="Protokoll\u_ChapterTitleImpl.pas"/>
        <DCCReference Include="Protokoll\u_ProtocolImpl.pas"/>
        <DCCReference Include="misc\u_speedbutton.pas"/>
        <DCCReference Include="TextBlock\f_testblock_list.pas">
            <Form>TestBlockListForm</Form>
        </DCCReference>
        <DCCReference Include="TextBlock\f_textblock_param.pas">
            <Form>TextBlockParameterForm</Form>
        </DCCReference>
        <DCCReference Include="Task\m_taskLoader.pas">
            <Form>TaskLoaderMod</Form>
            <DesignClass>TDataModule</DesignClass>
        </DCCReference>
        <DCCReference Include="File\m_cache.pas">
            <Form>CacheMod</Form>
            <DesignClass>TDataModule</DesignClass>
        </DCCReference>
        <DCCReference Include="http\f_webserver_files.pas">
            <Form>WebServerFilesForm</Form>
        </DCCReference>
        <DCCReference Include="http\f_web_file.pas">
            <Form>WebFileForm</Form>
        </DCCReference>
        <DCCReference Include="Beschlus\u_BeschlussListeImpl.pas"/>
        <DCCReference Include="Protokoll\m_protocol.pas">
            <Form>ProtocolMod</Form>
            <DesignClass>TDataModule</DesignClass>
        </DCCReference>
        <DCCReference Include="Protokoll\u_teilnehmerImpl.pas"/>
        <DCCReference Include="Protokoll\u_TTeilnehmerListeImpl.pas"/>
        <DCCReference Include="Protokoll\f_abwesenheit.pas">
            <Form>AbwesenForm</Form>
        </DCCReference>
        <DCCReference Include="Protokoll\u_BesucherImpl.pas"/>
        <DCCReference Include="Protokoll\u_BesucherlisteImpl.pas"/>
        <DCCReference Include="Protokoll\f_besucher.pas">
            <Form>BesucherForm</Form>
        </DCCReference>
        <DCCReference Include="Task\u_templateCache.pas">
            <Form>TemplateCacheMod</Form>
            <DesignClass>TDataModule</DesignClass>
        </DCCReference>
        <DCCReference Include="Protokoll\u_renderer.pas"/>
        <DCCReference Include="Protokoll\f_protokoll_view.pas">
            <Form>ProtokollViewForm</Form>
        </DCCReference>
        <DCCReference Include="Protokoll\u_protocoll2XML.pas"/>
        <DCCReference Include="http\f_web_editor.pas">
            <Form>WebEditorForm</Form>
        </DCCReference>
        <DCCReference Include="ePub\f_epub.pas">
            <Form>epubform</Form>
        </DCCReference>
        <DCCReference Include="ePub\f_epub_mngr.pas">
            <Form>epubMngrForm</Form>
        </DCCReference>
        <DCCReference Include="ePub\fr_epub.pas">
            <Form>ePupFrame</Form>
            <DesignClass>TFrame</DesignClass>
        </DCCReference>
        <DCCReference Include="ePub\f_downloadEpub.pas">
            <Form>DownloadEpubform</Form>
        </DCCReference>
        <DCCReference Include="Sitzung\f_meeting_new.pas">
            <Form>MeetingForm</Form>
        </DCCReference>
        <DCCReference Include="Task\f_task_filter.pas">
            <Form>TaskFilterForm</Form>
        </DCCReference>
        <DCCReference Include="Sitzung\fr_to.pas">
            <Form>TOFrame</Form>
            <DesignClass>TFrame</DesignClass>
        </DCCReference>
        <DCCReference Include="Sitzung\f_meeting_select.pas">
            <Form>SelectMeetingForm</Form>
        </DCCReference>
        <DCCReference Include="Sitzung\f_meeting_proto.pas">
            <Form>MeetingProtoForm</Form>
        </DCCReference>
        <DCCReference Include="misc\f_login.pas">
            <Form>LoginForm</Form>
        </DCCReference>
        <DCCReference Include="Sitzung\fr_meeting.pas">
            <Form>MeetingFrame</Form>
            <DesignClass>TFrame</DesignClass>
        </DCCReference>
        <DCCReference Include="..\misc\u_teilnehmer.pas"/>
        <DCCReference Include="Protokoll\f_protocol_sec.pas">
            <Form>ProtocolSectionForm</Form>
        </DCCReference>
        <DCCReference Include="Task\u_kategorie.pas"/>
        <DCCReference Include="misc\u_onlineUser.pas"/>
        <DCCReference Include="Sitzung\f_meeting_person.pas">
            <Form>MeetingPersonForm</Form>
        </DCCReference>
        <DCCReference Include="Sitzung2\f_doMeeting.pas">
            <Form>DoMeetingform</Form>
        </DCCReference>
        <DCCReference Include="Sitzung\fr_teilnehmer.pas">
            <Form>TNFrame</Form>
            <DesignClass>TFrame</DesignClass>
        </DCCReference>
        <DCCReference Include="Protokoll\fr_protocol.pas">
            <Form>ProtocolFrame</Form>
            <DesignClass>TFrame</DesignClass>
        </DCCReference>
        <DCCReference Include="Sitzung2\fr_MeetingTN.pas">
            <Form>MeetingTNFrame</Form>
            <DesignClass>TFrame</DesignClass>
        </DCCReference>
        <DCCReference Include="Beschlus\fr_beschluss.pas">
            <Form>BeschlussFrame</Form>
            <DesignClass>TFrame</DesignClass>
        </DCCReference>
        <DCCReference Include="Online\f_abstimmung.pas">
            <Form>AbstimmungsForm</Form>
        </DCCReference>
        <DCCReference Include="images\f_image_preview.pas">
            <Form>ImagePreviewform</Form>
        </DCCReference>
        <DCCReference Include="TextBlock\f_textblock_preview.pas">
            <Form>TextBlockPreviewForm</Form>
        </DCCReference>
        <DCCReference Include="..\misc\xsd_TextBlock.pas"/>
        <DCCReference Include="..\misc\ePub\u_ePub.pas"/>
        <DCCReference Include="..\misc\ePub\u_navpoint.pas"/>
        <DCCReference Include="..\misc\ePub\u_xml.pas"/>
        <DCCReference Include="Task\f_task_type.pas">
            <Form>TaskTypeForm</Form>
        </DCCReference>
        <DCCReference Include="File\m_fileCache.pas">
            <Form>FileCacheMod</Form>
            <DesignClass>TDataModule</DesignClass>
        </DCCReference>
        <DCCReference Include="File\f_flieCacheForm.pas">
            <Form>FileCacheForm</Form>
        </DCCReference>
        <DCCReference Include="File\f_fileuploadform.pas">
            <Form>FileUploadForm</Form>
        </DCCReference>
        <DCCReference Include="Task\fr_log.pas">
            <Form>LogFrame</Form>
            <DesignClass>TFrame</DesignClass>
        </DCCReference>
        <DCCReference Include="Task\f_log_entry.pas">
            <Form>LogEntryform</Form>
        </DCCReference>
        <DCCReference Include="TextBlock\f_taglist.pas">
            <Form>TagListForm</Form>
        </DCCReference>
        <DCCReference Include="..\misc\m_crypt.pas">
            <Form>CryptMod</Form>
            <DesignClass>TDataModule</DesignClass>
        </DCCReference>
        <DCCReference Include="crypt\f_keys.pas">
            <Form>Keysform</Form>
        </DCCReference>
        <DCCReference Include="TextBlock\f_textblock_export.pas">
            <Form>TextBlockExportForm</Form>
        </DCCReference>
        <DCCReference Include="TextBlock\f_textblock_import.pas">
            <Form>TextblockImportForm</Form>
        </DCCReference>
        <DCCReference Include="TaskEditor\controls\u_taskCtrlRadio.pas"/>
        <DCCReference Include="TaskEditor\controls\u_TaskCtrlCheck.pas"/>
        <DCCReference Include="TaskEditor\controls\u_TaskCtrlRadioGroup.pas"/>
        <DCCReference Include="TaskEditor\Validator\u_ValidatorFactory.pas"/>
        <DCCReference Include="TaskEditor\Validator\u_ValidatorStringImpl.pas"/>
        <DCCReference Include="TaskEditor\Validator\u_ValidatorBoolImpl.pas"/>
        <DCCReference Include="TaskEditor\Validator\u_validatorBaseImpl.pas"/>
        <DCCReference Include="TaskEditor\Validator\u_validatorIntegerImpl.pas"/>
        <DCCReference Include="TaskEditor\Validator\u_ValidatorFloatImpl.pas"/>
        <DCCReference Include="TaskEditor\Validator\u_ValidatorDateTimeImpl.pas"/>
        <DCCReference Include="TaskEditor\Validator\u_ValidatorEnumImpl.pas"/>
        <DCCReference Include="TaskEditor\controls\u_taskCtrlDateTimePicker.pas"/>
        <DCCReference Include="dms\f_storage.pas">
            <Form>StorageForm</Form>
        </DCCReference>
        <DCCReference Include="dws\f_file_info.pas">
            <Form>FileInfoForm</Form>
        </DCCReference>
        <DCCReference Include="dms\fr_storages.pas">
            <Form>StoragesFrame</Form>
            <DesignClass>TFrame</DesignClass>
        </DCCReference>
        <DCCReference Include="dms\f_storages.pas">
            <Form>StoragesForm</Form>
        </DCCReference>
        <DCCReference Include="Personen\f_personen_list.pas">
            <Form>PersonenListForm</Form>
        </DCCReference>
        <DCCReference Include="Protokoll\f_protokoll_new.pas">
            <Form>ProtokollNewForm</Form>
        </DCCReference>
        <DCCReference Include="Gremium\fr_gremium.pas">
            <Form>GremiumFrame</Form>
            <DesignClass>TFrame</DesignClass>
        </DCCReference>
        <DCCReference Include="..\misc\xsd_Task.pas"/>
        <DCCReference Include="misc\u_ShowMessageTimeOut.pas"/>
        <DCCReference Include="admin\f_admin.pas">
            <Form>AdminForm</Form>
        </DCCReference>
        <DCCReference Include="..\misc\f_proxy.pas">
            <Form>ProxyForm</Form>
        </DCCReference>
        <DCCReference Include="Gremium\f_gremium_task.pas">
            <Form>GremiumTaskForm</Form>
        </DCCReference>
        <DCCReference Include="..\misc\u_dataset_to_list.pas"/>
        <DCCReference Include="Task\f_task_delete.pas">
            <Form>TaskDeleteForm</Form>
        </DCCReference>
        <DCCReference Include="Task\fr_tasklist_delete.pas">
            <Form>UnusedTaskListFrame</Form>
            <DesignClass>TFrame</DesignClass>
        </DCCReference>
        <DCCReference Include="nhunspell\f_correctForm.pas">
            <Form>CorrectForm</Form>
        </DCCReference>
        <DCCReference Include="nhunspell\f_select_dictinonary.pas">
            <Form>SelectDictionaryForm</Form>
        </DCCReference>
        <DCCReference Include="nhunspell\NHunspell.pas"/>
        <DCCReference Include="nhunspell\NHunXml.pas"/>
        <DCCReference Include="nhunspell\PasZip.pas"/>
        <DCCReference Include="nhunspell\u_SpellChecker.pas"/>
        <DCCReference Include="nhunspell\f_connect_form2.pas">
            <Form>FullCorrectForm</Form>
        </DCCReference>
        <DCCReference Include="TaskEditor\f_task_assigment.pas">
            <Form>TaskAssignmentForm</Form>
        </DCCReference>
        <DCCReference Include="TextBlock\fr_textblock.pas">
            <Form>TextBlockFrame</Form>
            <DesignClass>TFrame</DesignClass>
        </DCCReference>
        <DCCReference Include="misc\fr_editForm.pas">
            <Form>EditFrame</Form>
            <DesignClass>TFrame</DesignClass>
        </DCCReference>
        <DCCReference Include="..\misc\fr_base.pas">
            <Form>BaseFrame</Form>
            <DesignClass>TFrame</DesignClass>
        </DCCReference>
        <DCCReference Include="..\Plugin\i_plugin.pas"/>
        <DCCReference Include="..\Plugin\Manager\u_pluginManager.pas"/>
        <DCCReference Include="..\misc\u_ForceClose.pas"/>
        <DCCReference Include="..\misc\f_passwd.pas">
            <Form>PassWdform</Form>
        </DCCReference>
        <DCCReference Include="..\misc\u_ICrypt.pas"/>
        <DCCReference Include="..\Plugin\Manager\u_PluginData.pas"/>
        <DCCReference Include="..\misc\u_IWindowHandler.pas"/>
        <DCCReference Include="admin\f_pluginAdmin.pas">
            <Form>PluginAdmin</Form>
            <FormType>dfm</FormType>
        </DCCReference>
        <DCCReference Include="..\misc\xsd_TaskData.pas"/>
        <DCCReference Include="Task\m_taskimporter.pas">
            <Form>TaskImporterMod</Form>
            <FormType>dfm</FormType>
            <DesignClass>TDataModule</DesignClass>
        </DCCReference>
        <DCCReference Include="Task\u_template.pas"/>
        <DCCReference Include="Task\f_task_import.pas">
            <Form>TaskImportForm</Form>
            <FormType>dfm</FormType>
        </DCCReference>
        <None Include="Datafields\ERA-NS.txt"/>
        <RcItem Include="dws\dws.html">
            <ContainerId>ResourceItem</ContainerId>
            <ResourceType>RCDATA</ResourceType>
            <ResourceId>dws_html</ResourceId>
        </RcItem>
        <BuildConfiguration Include="Release">
            <Key>Cfg_2</Key>
            <CfgParent>Base</CfgParent>
        </BuildConfiguration>
        <BuildConfiguration Include="Base">
            <Key>Base</Key>
        </BuildConfiguration>
        <BuildConfiguration Include="Debug">
            <Key>Cfg_1</Key>
            <CfgParent>Base</CfgParent>
        </BuildConfiguration>
    </ItemGroup>
    <ProjectExtensions>
        <Borland.Personality>Delphi.Personality.12</Borland.Personality>
        <Borland.ProjectType>Application</Borland.ProjectType>
        <BorlandProject>
            <Delphi.Personality>
                <Source>
                    <Source Name="MainSource">Archivar.dpr</Source>
                </Source>
                <Excluded_Packages>
                    <Excluded_Packages Name="$(BDSBIN)\bcboffice2k250.bpl">Embarcadero C++Builder-Package für Office 2000-Server</Excluded_Packages>
                    <Excluded_Packages Name="$(BDSBIN)\bcbofficexp250.bpl">Embarcadero C++Builder-Package für Office XP-Server</Excluded_Packages>
                    <Excluded_Packages Name="$(BDSBIN)\dcloffice2k250.bpl">Microsoft Office 2000 Beispiele für gekapselte Komponenten für Automatisierungsserver</Excluded_Packages>
                    <Excluded_Packages Name="$(BDSBIN)\dclofficexp250.bpl">Microsoft Office XP Beispiele für gekapselte Komponenten für Automation Server</Excluded_Packages>
                </Excluded_Packages>
            </Delphi.Personality>
            <Deployment Version="3">
                <DeployFile LocalName="Datafields\ERA-NS.txt" Configuration="Debug" Class="ProjectFile">
                    <Platform Name="Win32">
                        <RemoteDir>.\</RemoteDir>
                        <Overwrite>true</Overwrite>
                    </Platform>
                </DeployFile>
                <DeployFile LocalName="dws\dws.html" Configuration="Release" Class="ProjectFile">
                    <Platform Name="Win32">
                        <RemoteDir>.\</RemoteDir>
                        <Overwrite>true</Overwrite>
                    </Platform>
                </DeployFile>
                <DeployFile LocalName="dws\dws.html" Configuration="Debug" Class="ProjectFile">
                    <Platform Name="Win32">
                        <RemoteDir>.\</RemoteDir>
                        <Overwrite>true</Overwrite>
                    </Platform>
                </DeployFile>
                <DeployFile LocalName="Datafields\ERA-NS.txt" Configuration="Release" Class="ProjectFile">
                    <Platform Name="Win32">
                        <RemoteDir>.\</RemoteDir>
                        <Overwrite>true</Overwrite>
                    </Platform>
                </DeployFile>
                <DeployFile LocalName="..\Bin\Server\client\latest\Archivar.exe" Configuration="Release" Class="ProjectOutput">
                    <Platform Name="Win32">
                        <RemoteName>Archivar.exe</RemoteName>
                        <Overwrite>true</Overwrite>
                    </Platform>
                </DeployFile>
                <DeployFile LocalName="..\Bin\client\Archivar.exe" Configuration="Debug" Class="ProjectOutput">
                    <Platform Name="Win32">
                        <RemoteName>Archivar.exe</RemoteName>
                        <Overwrite>true</Overwrite>
                    </Platform>
                </DeployFile>
                <DeployFile LocalName="..\Bin\client\Archivar.rsm" Configuration="Debug" Class="DebugSymbols">
                    <Platform Name="Win32">
                        <RemoteName>Archivar.rsm</RemoteName>
                        <Overwrite>true</Overwrite>
                    </Platform>
                </DeployFile>
                <DeployClass Name="AdditionalDebugSymbols">
                    <Platform Name="iOSSimulator">
                        <Operation>1</Operation>
                    </Platform>
                    <Platform Name="OSX32">
                        <RemoteDir>Contents\MacOS</RemoteDir>
                        <Operation>1</Operation>
                    </Platform>
                    <Platform Name="Win32">
                        <RemoteDir>Contents\MacOS</RemoteDir>
                        <Operation>0</Operation>
                    </Platform>
                </DeployClass>
                <DeployClass Name="AndroidClassesDexFile">
                    <Platform Name="Android">
                        <RemoteDir>classes</RemoteDir>
                        <Operation>1</Operation>
                    </Platform>
                </DeployClass>
                <DeployClass Name="AndroidGDBServer">
                    <Platform Name="Android">
                        <RemoteDir>library\lib\armeabi-v7a</RemoteDir>
                        <Operation>1</Operation>
                    </Platform>
                </DeployClass>
                <DeployClass Name="AndroidLibnativeArmeabiFile">
                    <Platform Name="Android">
                        <RemoteDir>library\lib\armeabi</RemoteDir>
                        <Operation>1</Operation>
                    </Platform>
                </DeployClass>
                <DeployClass Name="AndroidLibnativeMipsFile">
                    <Platform Name="Android">
                        <RemoteDir>library\lib\mips</RemoteDir>
                        <Operation>1</Operation>
                    </Platform>
                </DeployClass>
                <DeployClass Name="AndroidServiceOutput">
                    <Platform Name="Android">
                        <RemoteDir>library\lib\armeabi-v7a</RemoteDir>
                        <Operation>1</Operation>
                    </Platform>
                </DeployClass>
                <DeployClass Name="AndroidSplashImageDef">
                    <Platform Name="Android">
                        <RemoteDir>res\drawable</RemoteDir>
                        <Operation>1</Operation>
                    </Platform>
                </DeployClass>
                <DeployClass Name="AndroidSplashStyles">
                    <Platform Name="Android">
                        <RemoteDir>res\values</RemoteDir>
                        <Operation>1</Operation>
                    </Platform>
                </DeployClass>
                <DeployClass Name="Android_DefaultAppIcon">
                    <Platform Name="Android">
                        <RemoteDir>res\drawable</RemoteDir>
                        <Operation>1</Operation>
                    </Platform>
                </DeployClass>
                <DeployClass Name="Android_LauncherIcon144">
                    <Platform Name="Android">
                        <RemoteDir>res\drawable-xxhdpi</RemoteDir>
                        <Operation>1</Operation>
                    </Platform>
                </DeployClass>
                <DeployClass Name="Android_LauncherIcon36">
                    <Platform Name="Android">
                        <RemoteDir>res\drawable-ldpi</RemoteDir>
                        <Operation>1</Operation>
                    </Platform>
                </DeployClass>
                <DeployClass Name="Android_LauncherIcon48">
                    <Platform Name="Android">
                        <RemoteDir>res\drawable-mdpi</RemoteDir>
                        <Operation>1</Operation>
                    </Platform>
                </DeployClass>
                <DeployClass Name="Android_LauncherIcon72">
                    <Platform Name="Android">
                        <RemoteDir>res\drawable-hdpi</RemoteDir>
                        <Operation>1</Operation>
                    </Platform>
                </DeployClass>
                <DeployClass Name="Android_LauncherIcon96">
                    <Platform Name="Android">
                        <RemoteDir>res\drawable-xhdpi</RemoteDir>
                        <Operation>1</Operation>
                    </Platform>
                </DeployClass>
                <DeployClass Name="Android_SplashImage426">
                    <Platform Name="Android">
                        <RemoteDir>res\drawable-small</RemoteDir>
                        <Operation>1</Operation>
                    </Platform>
                </DeployClass>
                <DeployClass Name="Android_SplashImage470">
                    <Platform Name="Android">
                        <RemoteDir>res\drawable-normal</RemoteDir>
                        <Operation>1</Operation>
                    </Platform>
                </DeployClass>
                <DeployClass Name="Android_SplashImage640">
                    <Platform Name="Android">
                        <RemoteDir>res\drawable-large</RemoteDir>
                        <Operation>1</Operation>
                    </Platform>
                </DeployClass>
                <DeployClass Name="Android_SplashImage960">
                    <Platform Name="Android">
                        <RemoteDir>res\drawable-xlarge</RemoteDir>
                        <Operation>1</Operation>
                    </Platform>
                </DeployClass>
                <DeployClass Name="DebugSymbols">
                    <Platform Name="iOSSimulator">
                        <Operation>1</Operation>
                    </Platform>
                    <Platform Name="OSX32">
                        <RemoteDir>Contents\MacOS</RemoteDir>
                        <Operation>1</Operation>
                    </Platform>
                    <Platform Name="Win32">
                        <Operation>0</Operation>
                    </Platform>
                </DeployClass>
                <DeployClass Name="DependencyFramework">
                    <Platform Name="OSX32">
                        <RemoteDir>Contents\MacOS</RemoteDir>
                        <Operation>1</Operation>
                        <Extensions>.framework</Extensions>
                    </Platform>
                    <Platform Name="Win32">
                        <Operation>0</Operation>
                    </Platform>
                </DeployClass>
                <DeployClass Name="DependencyModule">
                    <Platform Name="iOSDevice32">
                        <Operation>1</Operation>
                        <Extensions>.dylib</Extensions>
                    </Platform>
                    <Platform Name="iOSDevice64">
                        <Operation>1</Operation>
                        <Extensions>.dylib</Extensions>
                    </Platform>
                    <Platform Name="iOSSimulator">
                        <Operation>1</Operation>
                        <Extensions>.dylib</Extensions>
                    </Platform>
                    <Platform Name="OSX32">
                        <RemoteDir>Contents\MacOS</RemoteDir>
                        <Operation>1</Operation>
                        <Extensions>.dylib</Extensions>
                    </Platform>
                    <Platform Name="Win32">
                        <Operation>0</Operation>
                        <Extensions>.dll;.bpl</Extensions>
                    </Platform>
                </DeployClass>
                <DeployClass Required="true" Name="DependencyPackage">
                    <Platform Name="iOSDevice32">
                        <Operation>1</Operation>
                        <Extensions>.dylib</Extensions>
                    </Platform>
                    <Platform Name="iOSDevice64">
                        <Operation>1</Operation>
                        <Extensions>.dylib</Extensions>
                    </Platform>
                    <Platform Name="iOSSimulator">
                        <Operation>1</Operation>
                        <Extensions>.dylib</Extensions>
                    </Platform>
                    <Platform Name="OSX32">
                        <RemoteDir>Contents\MacOS</RemoteDir>
                        <Operation>1</Operation>
                        <Extensions>.dylib</Extensions>
                    </Platform>
                    <Platform Name="Win32">
                        <Operation>0</Operation>
                        <Extensions>.bpl</Extensions>
                    </Platform>
                </DeployClass>
                <DeployClass Name="File">
                    <Platform Name="Android">
                        <Operation>0</Operation>
                    </Platform>
                    <Platform Name="iOSDevice32">
                        <Operation>0</Operation>
                    </Platform>
                    <Platform Name="iOSDevice64">
                        <Operation>0</Operation>
                    </Platform>
                    <Platform Name="iOSSimulator">
                        <Operation>0</Operation>
                    </Platform>
                    <Platform Name="OSX32">
                        <RemoteDir>Contents\Resources\StartUp\</RemoteDir>
                        <Operation>0</Operation>
                    </Platform>
                    <Platform Name="Win32">
                        <Operation>0</Operation>
                    </Platform>
                </DeployClass>
                <DeployClass Name="iPad_Launch1024">
                    <Platform Name="iOSDevice32">
                        <Operation>1</Operation>
                    </Platform>
                    <Platform Name="iOSDevice64">
                        <Operation>1</Operation>
                    </Platform>
                    <Platform Name="iOSSimulator">
                        <Operation>1</Operation>
                    </Platform>
                </DeployClass>
                <DeployClass Name="iPad_Launch1536">
                    <Platform Name="iOSDevice32">
                        <Operation>1</Operation>
                    </Platform>
                    <Platform Name="iOSDevice64">
                        <Operation>1</Operation>
                    </Platform>
                    <Platform Name="iOSSimulator">
                        <Operation>1</Operation>
                    </Platform>
                </DeployClass>
                <DeployClass Name="iPad_Launch2048">
                    <Platform Name="iOSDevice32">
                        <Operation>1</Operation>
                    </Platform>
                    <Platform Name="iOSDevice64">
                        <Operation>1</Operation>
                    </Platform>
                    <Platform Name="iOSSimulator">
                        <Operation>1</Operation>
                    </Platform>
                </DeployClass>
                <DeployClass Name="iPad_Launch768">
                    <Platform Name="iOSDevice32">
                        <Operation>1</Operation>
                    </Platform>
                    <Platform Name="iOSDevice64">
                        <Operation>1</Operation>
                    </Platform>
                    <Platform Name="iOSSimulator">
                        <Operation>1</Operation>
                    </Platform>
                </DeployClass>
                <DeployClass Name="iPhone_Launch320">
                    <Platform Name="iOSDevice32">
                        <Operation>1</Operation>
                    </Platform>
                    <Platform Name="iOSDevice64">
                        <Operation>1</Operation>
                    </Platform>
                    <Platform Name="iOSSimulator">
                        <Operation>1</Operation>
                    </Platform>
                </DeployClass>
                <DeployClass Name="iPhone_Launch640">
                    <Platform Name="iOSDevice32">
                        <Operation>1</Operation>
                    </Platform>
                    <Platform Name="iOSDevice64">
                        <Operation>1</Operation>
                    </Platform>
                    <Platform Name="iOSSimulator">
                        <Operation>1</Operation>
                    </Platform>
                </DeployClass>
                <DeployClass Name="iPhone_Launch640x1136">
                    <Platform Name="iOSDevice32">
                        <Operation>1</Operation>
                    </Platform>
                    <Platform Name="iOSDevice64">
                        <Operation>1</Operation>
                    </Platform>
                    <Platform Name="iOSSimulator">
                        <Operation>1</Operation>
                    </Platform>
                </DeployClass>
                <DeployClass Name="ProjectAndroidManifest">
                    <Platform Name="Android">
                        <Operation>1</Operation>
                    </Platform>
                </DeployClass>
                <DeployClass Name="ProjectiOSDeviceDebug">
                    <Platform Name="iOSDevice32">
                        <RemoteDir>..\$(PROJECTNAME).app.dSYM\Contents\Resources\DWARF</RemoteDir>
                        <Operation>1</Operation>
                    </Platform>
                    <Platform Name="iOSDevice64">
                        <RemoteDir>..\$(PROJECTNAME).app.dSYM\Contents\Resources\DWARF</RemoteDir>
                        <Operation>1</Operation>
                    </Platform>
                </DeployClass>
                <DeployClass Name="ProjectiOSDeviceResourceRules">
                    <Platform Name="iOSDevice32">
                        <Operation>1</Operation>
                    </Platform>
                    <Platform Name="iOSDevice64">
                        <Operation>1</Operation>
                    </Platform>
                </DeployClass>
                <DeployClass Name="ProjectiOSEntitlements">
                    <Platform Name="iOSDevice32">
                        <RemoteDir>..\</RemoteDir>
                        <Operation>1</Operation>
                    </Platform>
                    <Platform Name="iOSDevice64">
                        <RemoteDir>..\</RemoteDir>
                        <Operation>1</Operation>
                    </Platform>
                </DeployClass>
                <DeployClass Name="ProjectiOSInfoPList">
                    <Platform Name="iOSDevice32">
                        <Operation>1</Operation>
                    </Platform>
                    <Platform Name="iOSDevice64">
                        <Operation>1</Operation>
                    </Platform>
                    <Platform Name="iOSSimulator">
                        <Operation>1</Operation>
                    </Platform>
                </DeployClass>
                <DeployClass Name="ProjectiOSResource">
                    <Platform Name="iOSDevice32">
                        <Operation>1</Operation>
                    </Platform>
                    <Platform Name="iOSDevice64">
                        <Operation>1</Operation>
                    </Platform>
                    <Platform Name="iOSSimulator">
                        <Operation>1</Operation>
                    </Platform>
                </DeployClass>
                <DeployClass Name="ProjectOSXEntitlements">
                    <Platform Name="OSX32">
                        <RemoteDir>..\</RemoteDir>
                        <Operation>1</Operation>
                    </Platform>
                </DeployClass>
                <DeployClass Name="ProjectOSXInfoPList">
                    <Platform Name="OSX32">
                        <RemoteDir>Contents</RemoteDir>
                        <Operation>1</Operation>
                    </Platform>
                </DeployClass>
                <DeployClass Name="ProjectOSXResource">
                    <Platform Name="OSX32">
                        <RemoteDir>Contents\Resources</RemoteDir>
                        <Operation>1</Operation>
                    </Platform>
                </DeployClass>
                <DeployClass Required="true" Name="ProjectOutput">
                    <Platform Name="Android">
                        <RemoteDir>library\lib\armeabi-v7a</RemoteDir>
                        <Operation>1</Operation>
                    </Platform>
                    <Platform Name="iOSDevice32">
                        <Operation>1</Operation>
                    </Platform>
                    <Platform Name="iOSDevice64">
                        <Operation>1</Operation>
                    </Platform>
                    <Platform Name="iOSSimulator">
                        <Operation>1</Operation>
                    </Platform>
                    <Platform Name="Linux64">
                        <Operation>1</Operation>
                    </Platform>
                    <Platform Name="OSX32">
                        <RemoteDir>Contents\MacOS</RemoteDir>
                        <Operation>1</Operation>
                    </Platform>
                    <Platform Name="Win32">
                        <Operation>0</Operation>
                    </Platform>
                </DeployClass>
                <DeployClass Name="ProjectUWPManifest">
                    <Platform Name="Win32">
                        <Operation>1</Operation>
                    </Platform>
                    <Platform Name="Win64">
                        <Operation>1</Operation>
                    </Platform>
                </DeployClass>
                <DeployClass Name="UWP_DelphiLogo150">
                    <Platform Name="Win32">
                        <RemoteDir>Assets</RemoteDir>
                        <Operation>1</Operation>
                    </Platform>
                    <Platform Name="Win64">
                        <RemoteDir>Assets</RemoteDir>
                        <Operation>1</Operation>
                    </Platform>
                </DeployClass>
                <DeployClass Name="UWP_DelphiLogo44">
                    <Platform Name="Win32">
                        <RemoteDir>Assets</RemoteDir>
                        <Operation>1</Operation>
                    </Platform>
                    <Platform Name="Win64">
                        <RemoteDir>Assets</RemoteDir>
                        <Operation>1</Operation>
                    </Platform>
                </DeployClass>
                <ProjectRoot Platform="iOSDevice64" Name="$(PROJECTNAME).app"/>
                <ProjectRoot Platform="Win64" Name="$(PROJECTNAME)"/>
                <ProjectRoot Platform="iOSDevice32" Name="$(PROJECTNAME).app"/>
                <ProjectRoot Platform="Linux64" Name="$(PROJECTNAME)"/>
                <ProjectRoot Platform="Win32" Name="$(PROJECTNAME)"/>
                <ProjectRoot Platform="OSX32" Name="$(PROJECTNAME).app"/>
                <ProjectRoot Platform="Android" Name="$(PROJECTNAME)"/>
                <ProjectRoot Platform="iOSSimulator" Name="$(PROJECTNAME).app"/>
            </Deployment>
            <Platforms>
                <Platform value="Win32">True</Platform>
                <Platform value="Win64">False</Platform>
            </Platforms>
            <ModelSupport>False</ModelSupport>
            <DataSnapProxyLookup>
                <u_stub>{56E10D53-2180-4F5F-9025-8396D8CF4797}</u_stub>
            </DataSnapProxyLookup>
        </BorlandProject>
        <ProjectFileVersion>12</ProjectFileVersion>
    </ProjectExtensions>
    <Import Project="$(BDS)\Bin\CodeGear.Delphi.Targets" Condition="Exists('$(BDS)\Bin\CodeGear.Delphi.Targets')"/>
    <Import Project="$(APPDATA)\Embarcadero\$(BDSAPPDATABASEDIR)\$(PRODUCTVERSION)\UserTools.proj" Condition="Exists('$(APPDATA)\Embarcadero\$(BDSAPPDATABASEDIR)\$(PRODUCTVERSION)\UserTools.proj')"/>
    <Import Project="$(MSBuildProjectName).deployproj" Condition="Exists('$(MSBuildProjectName).deployproj')"/>
</Project>
